
Microsoft Visual Studio Solution File, Format Version 12.00
# Visual Studio Version 17
VisualStudioVersion = 17.0.31903.59
MinimumVisualStudioVersion = 10.0.40219.1
Project("{FAE04EC0-301F-11D3-BF4B-00C04F79EFBC}") = "GoogleDrivePushCli", "GoogleDrivePushCli\GoogleDrivePushCli.csproj", "{82FD05F4-215F-419D-87F2-A6883BE9F145}"
EndProject
Project("{FAE04EC0-301F-11D3-BF4B-00C04F79EFBC}") = "SqliteSchemaRepository", "SqliteSchemaRepository\SqliteSchemaRepository.csproj", "{BFBAC363-960C-439E-9A2B-CAEE777B1679}"
EndProject
Global
	GlobalSection(SolutionConfigurationPlatforms) = preSolution
		Debug|Any CPU = Debug|Any CPU
		Release|Any CPU = Release|Any CPU
	EndGlobalSection
	GlobalSection(SolutionProperties) = preSolution
		HideSolutionNode = FALSE
	EndGlobalSection
	GlobalSection(ProjectConfigurationPlatforms) = postSolution
		{82FD05F4-215F-419D-87F2-A6883BE9F145}.Debug|Any CPU.ActiveCfg = Debug|Any CPU
		{82FD05F4-215F-419D-87F2-A6883BE9F145}.Debug|Any CPU.Build.0 = Debug|Any CPU
		{82FD05F4-215F-419D-87F2-A6883BE9F145}.Release|Any CPU.ActiveCfg = Release|Any CPU
		{82FD05F4-215F-419D-87F2-A6883BE9F145}.Release|Any CPU.Build.0 = Release|Any CPU
		{BFBAC363-960C-439E-9A2B-CAEE777B1679}.Debug|Any CPU.ActiveCfg = Debug|Any CPU
		{BFBAC363-960C-439E-9A2B-CAEE777B1679}.Debug|Any CPU.Build.0 = Debug|Any CPU
		{BFBAC363-960C-439E-9A2B-CAEE777B1679}.Release|Any CPU.ActiveCfg = Release|Any CPU
		{BFBAC363-960C-439E-9A2B-CAEE777B1679}.Release|Any CPU.Build.0 = Release|Any CPU
	EndGlobalSection
EndGlobal
